
Microsoft Visual Studio Solution File, Format Version 12.00
# Visual Studio 2015
Project("{FAE04EC0-301F-11D3-BF4B-00C04F79EFBC}") = "mmorpg.CSharp.Plugins", "mmorpg.CSharp.Plugins.csproj", "{641C43CE-4818-27DF-4C90-8122D14240A0}"
EndProject
Project("{FAE04EC0-301F-11D3-BF4B-00C04F79EFBC}") = "mmorpg.CSharp", "mmorpg.CSharp.csproj", "{4630FB26-B84D-0491-815A-CE4BCAB14A87}"
EndProject
Project("{FAE04EC0-301F-11D3-BF4B-00C04F79EFBC}") = "mmorpg.CSharp.Editor", "mmorpg.CSharp.Editor.csproj", "{8ADC5CD6-4166-7B6C-81DC-31D19B791756}"
EndProject
Global
	GlobalSection(SolutionConfigurationPlatforms) = preSolution
		Debug|Any CPU = Debug|Any CPU
		Release|Any CPU = Release|Any CPU
	EndGlobalSection
	GlobalSection(ProjectConfigurationPlatforms) = postSolution
		{641C43CE-4818-27DF-4C90-8122D14240A0}.Debug|Any CPU.ActiveCfg = Debug|Any CPU
		{641C43CE-4818-27DF-4C90-8122D14240A0}.Debug|Any CPU.Build.0 = Debug|Any CPU
		{641C43CE-4818-27DF-4C90-8122D14240A0}.Release|Any CPU.ActiveCfg = Release|Any CPU
		{641C43CE-4818-27DF-4C90-8122D14240A0}.Release|Any CPU.Build.0 = Release|Any CPU
		{4630FB26-B84D-0491-815A-CE4BCAB14A87}.Debug|Any CPU.ActiveCfg = Debug|Any CPU
		{4630FB26-B84D-0491-815A-CE4BCAB14A87}.Debug|Any CPU.Build.0 = Debug|Any CPU
		{4630FB26-B84D-0491-815A-CE4BCAB14A87}.Release|Any CPU.ActiveCfg = Release|Any CPU
		{4630FB26-B84D-0491-815A-CE4BCAB14A87}.Release|Any CPU.Build.0 = Release|Any CPU
		{8ADC5CD6-4166-7B6C-81DC-31D19B791756}.Debug|Any CPU.ActiveCfg = Debug|Any CPU
		{8ADC5CD6-4166-7B6C-81DC-31D19B791756}.Debug|Any CPU.Build.0 = Debug|Any CPU
		{8ADC5CD6-4166-7B6C-81DC-31D19B791756}.Release|Any CPU.ActiveCfg = Release|Any CPU
		{8ADC5CD6-4166-7B6C-81DC-31D19B791756}.Release|Any CPU.Build.0 = Release|Any CPU
	EndGlobalSection
	GlobalSection(SolutionProperties) = preSolution
		HideSolutionNode = FALSE
	EndGlobalSection
EndGlobal
