
Microsoft Visual Studio Solution File, Format Version 12.00
# Visual Studio 2012
Project("{FAE04EC0-301F-11D3-BF4B-00C04F79EFBC}") = "LoginServer", "LoginServer\LoginServer.csproj", "{2DBA27AF-EFA9-4FE0-9DD4-C52159744B07}"
EndProject
Global
	GlobalSection(SolutionConfigurationPlatforms) = preSolution
		Debug|x86 = Debug|x86
		Release|x86 = Release|x86
	EndGlobalSection
	GlobalSection(ProjectConfigurationPlatforms) = postSolution
		{2DBA27AF-EFA9-4FE0-9DD4-C52159744B07}.Debug|x86.ActiveCfg = Debug|x86
		{2DBA27AF-EFA9-4FE0-9DD4-C52159744B07}.Debug|x86.Build.0 = Debug|x86
		{2DBA27AF-EFA9-4FE0-9DD4-C52159744B07}.Release|x86.ActiveCfg = Release|x86
		{2DBA27AF-EFA9-4FE0-9DD4-C52159744B07}.Release|x86.Build.0 = Release|x86
	EndGlobalSection
EndGlobal
